// !$*UTF8*$!
{
	archiveVersion = 1;
	classes = {
	};
	objectVersion = 50;
	objects = {

/* Begin PBXBuildFile section */
		54ED61D72650239500F91AD4 /* FDDemoApp.swift in Sources */ = {isa = PBXBuildFile; fileRef = 54ED61D62650239500F91AD4 /* FDDemoApp.swift */; };
		54ED61D92650239500F91AD4 /* ContentView.swift in Sources */ = {isa = PBXBuildFile; fileRef = 54ED61D82650239500F91AD4 /* ContentView.swift */; };
		54ED61DB2650239600F91AD4 /* Assets.xcassets in Resources */ = {isa = PBXBuildFile; fileRef = 54ED61DA2650239600F91AD4 /* Assets.xcassets */; };
		54ED61DE2650239600F91AD4 /* Preview Assets.xcassets in Resources */ = {isa = PBXBuildFile; fileRef = 54ED61DD2650239600F91AD4 /* Preview Assets.xcassets */; };
		54ED61E92650239600F91AD4 /* FDDemoTests.swift in Sources */ = {isa = PBXBuildFile; fileRef = 54ED61E82650239600F91AD4 /* FDDemoTests.swift */; };
		54ED61F42650239600F91AD4 /* FDDemoUITests.swift in Sources */ = {isa = PBXBuildFile; fileRef = 54ED61F32650239600F91AD4 /* FDDemoUITests.swift */; };
		54ED6205265023E300F91AD4 /* Faces.swift in Sources */ = {isa = PBXBuildFile; fileRef = 54ED6204265023E300F91AD4 /* Faces.swift */; };
		54ED620A265027D300F91AD4 /* Views.swift in Sources */ = {isa = PBXBuildFile; fileRef = 54ED6209265027D300F91AD4 /* Views.swift */; };
/* End PBXBuildFile section */

/* Begin PBXContainerItemProxy section */
		54ED61E52650239600F91AD4 /* PBXContainerItemProxy */ = {
			isa = PBXContainerItemProxy;
			containerPortal = 54ED61CB2650239500F91AD4 /* Project object */;
			proxyType = 1;
			remoteGlobalIDString = 54ED61D22650239500F91AD4;
			remoteInfo = FDDemo;
		};
		54ED61F02650239600F91AD4 /* PBXContainerItemProxy */ = {
			isa = PBXContainerItemProxy;
			containerPortal = 54ED61CB2650239500F91AD4 /* Project object */;
			proxyType = 1;
			remoteGlobalIDString = 54ED61D22650239500F91AD4;
			remoteInfo = FDDemo;
		};
/* End PBXContainerItemProxy section */

/* Begin PBXFileReference section */
		54ED61D32650239500F91AD4 /* FDDemo.app */ = {isa = PBXFileReference; explicitFileType = wrapper.application; includeInIndex = 0; path = FDDemo.app; sourceTree = BUILT_PRODUCTS_DIR; };
		54ED61D62650239500F91AD4 /* FDDemoApp.swift */ = {isa = PBXFileReference; lastKnownFileType = sourcecode.swift; path = FDDemoApp.swift; sourceTree = "<group>"; };
		54ED61D82650239500F91AD4 /* ContentView.swift */ = {isa = PBXFileReference; lastKnownFileType = sourcecode.swift; path = ContentView.swift; sourceTree = "<group>"; };
		54ED61DA2650239600F91AD4 /* Assets.xcassets */ = {isa = PBXFileReference; lastKnownFileType = folder.assetcatalog; path = Assets.xcassets; sourceTree = "<group>"; };
		54ED61DD2650239600F91AD4 /* Preview Assets.xcassets */ = {isa = PBXFileReference; lastKnownFileType = folder.assetcatalog; path = "Preview Assets.xcassets"; sourceTree = "<group>"; };
		54ED61DF2650239600F91AD4 /* Info.plist */ = {isa = PBXFileReference; lastKnownFileType = text.plist.xml; path = Info.plist; sourceTree = "<group>"; };
		54ED61E42650239600F91AD4 /* FDDemoTests.xctest */ = {isa = PBXFileReference; explicitFileType = wrapper.cfbundle; includeInIndex = 0; path = FDDemoTests.xctest; sourceTree = BUILT_PRODUCTS_DIR; };
		54ED61E82650239600F91AD4 /* FDDemoTests.swift */ = {isa = PBXFileReference; lastKnownFileType = sourcecode.swift; path = FDDemoTests.swift; sourceTree = "<group>"; };
		54ED61EA2650239600F91AD4 /* Info.plist */ = {isa = PBXFileReference; lastKnownFileType = text.plist.xml; path = Info.plist; sourceTree = "<group>"; };
		54ED61EF2650239600F91AD4 /* FDDemoUITests.xctest */ = {isa = PBXFileReference; explicitFileType = wrapper.cfbundle; includeInIndex = 0; path = FDDemoUITests.xctest; sourceTree = BUILT_PRODUCTS_DIR; };
		54ED61F32650239600F91AD4 /* FDDemoUITests.swift */ = {isa = PBXFileReference; lastKnownFileType = sourcecode.swift; path = FDDemoUITests.swift; sourceTree = "<group>"; };
		54ED61F52650239600F91AD4 /* Info.plist */ = {isa = PBXFileReference; lastKnownFileType = text.plist.xml; path = Info.plist; sourceTree = "<group>"; };
		54ED6204265023E300F91AD4 /* Faces.swift */ = {isa = PBXFileReference; lastKnownFileType = sourcecode.swift; path = Faces.swift; sourceTree = "<group>"; };
		54ED6209265027D300F91AD4 /* Views.swift */ = {isa = PBXFileReference; lastKnownFileType = sourcecode.swift; path = Views.swift; sourceTree = "<group>"; };
/* End PBXFileReference section */

/* Begin PBXFrameworksBuildPhase section */
		54ED61D02650239500F91AD4 /* Frameworks */ = {
			isa = PBXFrameworksBuildPhase;
			buildActionMask = 2147483647;
			files = (
			);
			runOnlyForDeploymentPostprocessing = 0;
		};
		54ED61E12650239600F91AD4 /* Frameworks */ = {
			isa = PBXFrameworksBuildPhase;
			buildActionMask = 2147483647;
			files = (
			);
			runOnlyForDeploymentPostprocessing = 0;
		};
		54ED61EC2650239600F91AD4 /* Frameworks */ = {
			isa = PBXFrameworksBuildPhase;
			buildActionMask = 2147483647;
			files = (
			);
			runOnlyForDeploymentPostprocessing = 0;
		};
/* End PBXFrameworksBuildPhase section */

/* Begin PBXGroup section */
		54ED61CA2650239500F91AD4 = {
			isa = PBXGroup;
			children = (
				54ED61D52650239500F91AD4 /* FDDemo */,
				54ED61E72650239600F91AD4 /* FDDemoTests */,
				54ED61F22650239600F91AD4 /* FDDemoUITests */,
				54ED61D42650239500F91AD4 /* Products */,
			);
			sourceTree = "<group>";
		};
		54ED61D42650239500F91AD4 /* Products */ = {
			isa = PBXGroup;
			children = (
				54ED61D32650239500F91AD4 /* FDDemo.app */,
				54ED61E42650239600F91AD4 /* FDDemoTests.xctest */,
				54ED61EF2650239600F91AD4 /* FDDemoUITests.xctest */,
			);
			name = Products;
			sourceTree = "<group>";
		};
		54ED61D52650239500F91AD4 /* FDDemo */ = {
			isa = PBXGroup;
			children = (
				54ED61D62650239500F91AD4 /* FDDemoApp.swift */,
				54ED61D82650239500F91AD4 /* ContentView.swift */,
				54ED61DA2650239600F91AD4 /* Assets.xcassets */,
				54ED61DF2650239600F91AD4 /* Info.plist */,
				54ED61DC2650239600F91AD4 /* Preview Content */,
				54ED6204265023E300F91AD4 /* Faces.swift */,
				54ED6209265027D300F91AD4 /* Views.swift */,
			);
			path = FDDemo;
			sourceTree = "<group>";
		};
		54ED61DC2650239600F91AD4 /* Preview Content */ = {
			isa = PBXGroup;
			children = (
				54ED61DD2650239600F91AD4 /* Preview Assets.xcassets */,
			);
			path = "Preview Content";
			sourceTree = "<group>";
		};
		54ED61E72650239600F91AD4 /* FDDemoTests */ = {
			isa = PBXGroup;
			children = (
				54ED61E82650239600F91AD4 /* FDDemoTests.swift */,
				54ED61EA2650239600F91AD4 /* Info.plist */,
			);
			path = FDDemoTests;
			sourceTree = "<group>";
		};
		54ED61F22650239600F91AD4 /* FDDemoUITests */ = {
			isa = PBXGroup;
			children = (
				54ED61F32650239600F91AD4 /* FDDemoUITests.swift */,
				54ED61F52650239600F91AD4 /* Info.plist */,
			);
			path = FDDemoUITests;
			sourceTree = "<group>";
		};
/* End PBXGroup section */

/* Begin PBXNativeTarget section */
		54ED61D22650239500F91AD4 /* FDDemo */ = {
			isa = PBXNativeTarget;
			buildConfigurationList = 54ED61F82650239600F91AD4 /* Build configuration list for PBXNativeTarget "FDDemo" */;
			buildPhases = (
				54ED61CF2650239500F91AD4 /* Sources */,
				54ED61D02650239500F91AD4 /* Frameworks */,
				54ED61D12650239500F91AD4 /* Resources */,
			);
			buildRules = (
			);
			dependencies = (
			);
			name = FDDemo;
			productName = FDDemo;
			productReference = 54ED61D32650239500F91AD4 /* FDDemo.app */;
			productType = "com.apple.product-type.application";
		};
		54ED61E32650239600F91AD4 /* FDDemoTests */ = {
			isa = PBXNativeTarget;
			buildConfigurationList = 54ED61FB2650239600F91AD4 /* Build configuration list for PBXNativeTarget "FDDemoTests" */;
			buildPhases = (
				54ED61E02650239600F91AD4 /* Sources */,
				54ED61E12650239600F91AD4 /* Frameworks */,
				54ED61E22650239600F91AD4 /* Resources */,
			);
			buildRules = (
			);
			dependencies = (
				54ED61E62650239600F91AD4 /* PBXTargetDependency */,
			);
			name = FDDemoTests;
			productName = FDDemoTests;
			productReference = 54ED61E42650239600F91AD4 /* FDDemoTests.xctest */;
			productType = "com.apple.product-type.bundle.unit-test";
		};
		54ED61EE2650239600F91AD4 /* FDDemoUITests */ = {
			isa = PBXNativeTarget;
			buildConfigurationList = 54ED61FE2650239600F91AD4 /* Build configuration list for PBXNativeTarget "FDDemoUITests" */;
			buildPhases = (
				54ED61EB2650239600F91AD4 /* Sources */,
				54ED61EC2650239600F91AD4 /* Frameworks */,
				54ED61ED2650239600F91AD4 /* Resources */,
			);
			buildRules = (
			);
			dependencies = (
				54ED61F12650239600F91AD4 /* PBXTargetDependency */,
			);
			name = FDDemoUITests;
			productName = FDDemoUITests;
			productReference = 54ED61EF2650239600F91AD4 /* FDDemoUITests.xctest */;
			productType = "com.apple.product-type.bundle.ui-testing";
		};
/* End PBXNativeTarget section */

/* Begin PBXProject section */
		54ED61CB2650239500F91AD4 /* Project object */ = {
			isa = PBXProject;
			attributes = {
				LastSwiftUpdateCheck = 1240;
				LastUpgradeCheck = 1240;
				TargetAttributes = {
					54ED61D22650239500F91AD4 = {
						CreatedOnToolsVersion = 12.4;
					};
					54ED61E32650239600F91AD4 = {
						CreatedOnToolsVersion = 12.4;
						TestTargetID = 54ED61D22650239500F91AD4;
					};
					54ED61EE2650239600F91AD4 = {
						CreatedOnToolsVersion = 12.4;
						TestTargetID = 54ED61D22650239500F91AD4;
					};
				};
			};
			buildConfigurationList = 54ED61CE2650239500F91AD4 /* Build configuration list for PBXProject "FDDemo" */;
			compatibilityVersion = "Xcode 9.3";
			developmentRegion = en;
			hasScannedForEncodings = 0;
			knownRegions = (
				en,
				Base,
			);
			mainGroup = 54ED61CA2650239500F91AD4;
			productRefGroup = 54ED61D42650239500F91AD4 /* Products */;
			projectDirPath = "";
			projectRoot = "";
			targets = (
				54ED61D22650239500F91AD4 /* FDDemo */,
				54ED61E32650239600F91AD4 /* FDDemoTests */,
				54ED61EE2650239600F91AD4 /* FDDemoUITests */,
			);
		};
/* End PBXProject section */

/* Begin PBXResourcesBuildPhase section */
		54ED61D12650239500F91AD4 /* Resources */ = {
			isa = PBXResourcesBuildPhase;
			buildActionMask = 2147483647;
			files = (
				54ED61DE2650239600F91AD4 /* Preview Assets.xcassets in Resources */,
				54ED61DB2650239600F91AD4 /* Assets.xcassets in Resources */,
			);
			runOnlyForDeploymentPostprocessing = 0;
		};
		54ED61E22650239600F91AD4 /* Resources */ = {
			isa = PBXResourcesBuildPhase;
			buildActionMask = 2147483647;
			files = (
			);
			runOnlyForDeploymentPostprocessing = 0;
		};
		54ED61ED2650239600F91AD4 /* Resources */ = {
			isa = PBXResourcesBuildPhase;
			buildActionMask = 2147483647;
			files = (
			);
			runOnlyForDeploymentPostprocessing = 0;
		};
/* End PBXResourcesBuildPhase section */

/* Begin PBXSourcesBuildPhase section */
		54ED61CF2650239500F91AD4 /* Sources */ = {
			isa = PBXSourcesBuildPhase;
			buildActionMask = 2147483647;
			files = (
				54ED620A265027D300F91AD4 /* Views.swift in Sources */,
				54ED6205265023E300F91AD4 /* Faces.swift in Sources */,
				54ED61D92650239500F91AD4 /* ContentView.swift in Sources */,
				54ED61D72650239500F91AD4 /* FDDemoApp.swift in Sources */,
			);
			runOnlyForDeploymentPostprocessing = 0;
		};
		54ED61E02650239600F91AD4 /* Sources */ = {
			isa = PBXSourcesBuildPhase;
			buildActionMask = 2147483647;
			files = (
				54ED61E92650239600F91AD4 /* FDDemoTests.swift in Sources */,
			);
			runOnlyForDeploymentPostprocessing = 0;
		};
		54ED61EB2650239600F91AD4 /* Sources */ = {
			isa = PBXSourcesBuildPhase;
			buildActionMask = 2147483647;
			files = (
				54ED61F42650239600F91AD4 /* FDDemoUITests.swift in Sources */,
			);
			runOnlyForDeploymentPostprocessing = 0;
		};
/* End PBXSourcesBuildPhase section */

/* Begin PBXTargetDependency section */
		54ED61E62650239600F91AD4 /* PBXTargetDependency */ = {
			isa = PBXTargetDependency;
			target = 54ED61D22650239500F91AD4 /* FDDemo */;
			targetProxy = 54ED61E52650239600F91AD4 /* PBXContainerItemProxy */;
		};
		54ED61F12650239600F91AD4 /* PBXTargetDependency */ = {
			isa = PBXTargetDependency;
			target = 54ED61D22650239500F91AD4 /* FDDemo */;
			targetProxy = 54ED61F02650239600F91AD4 /* PBXContainerItemProxy */;
		};
/* End PBXTargetDependency section */

/* Begin XCBuildConfiguration section */
		54ED61F62650239600F91AD4 /* Debug */ = {
			isa = XCBuildConfiguration;
			buildSettings = {
				ALWAYS_SEARCH_USER_PATHS = NO;
				CLANG_ANALYZER_NONNULL = YES;
				CLANG_ANALYZER_NUMBER_OBJECT_CONVERSION = YES_AGGRESSIVE;
				CLANG_CXX_LANGUAGE_STANDARD = "gnu++14";
				CLANG_CXX_LIBRARY = "libc++";
				CLANG_ENABLE_MODULES = YES;
				CLANG_ENABLE_OBJC_ARC = YES;
				CLANG_ENABLE_OBJC_WEAK = YES;
				CLANG_WARN_BLOCK_CAPTURE_AUTORELEASING = YES;
				CLANG_WARN_BOOL_CONVERSION = YES;
				CLANG_WARN_COMMA = YES;
				CLANG_WARN_CONSTANT_CONVERSION = YES;
				CLANG_WARN_DEPRECATED_OBJC_IMPLEMENTATIONS = YES;
				CLANG_WARN_DIRECT_OBJC_ISA_USAGE = YES_ERROR;
				CLANG_WARN_DOCUMENTATION_COMMENTS = YES;
				CLANG_WARN_EMPTY_BODY = YES;
				CLANG_WARN_ENUM_CONVERSION = YES;
				CLANG_WARN_INFINITE_RECURSION = YES;
				CLANG_WARN_INT_CONVERSION = YES;
				CLANG_WARN_NON_LITERAL_NULL_CONVERSION = YES;
				CLANG_WARN_OBJC_IMPLICIT_RETAIN_SELF = YES;
				CLANG_WARN_OBJC_LITERAL_CONVERSION = YES;
				CLANG_WARN_OBJC_ROOT_CLASS = YES_ERROR;
				CLANG_WARN_QUOTED_INCLUDE_IN_FRAMEWORK_HEADER = YES;
				CLANG_WARN_RANGE_LOOP_ANALYSIS = YES;
				CLANG_WARN_STRICT_PROTOTYPES = YES;
				CLANG_WARN_SUSPICIOUS_MOVE = YES;
				CLANG_WARN_UNGUARDED_AVAILABILITY = YES_AGGRESSIVE;
				CLANG_WARN_UNREACHABLE_CODE = YES;
				CLANG_WARN__DUPLICATE_METHOD_MATCH = YES;
				COPY_PHASE_STRIP = NO;
				DEBUG_INFORMATION_FORMAT = dwarf;
				ENABLE_STRICT_OBJC_MSGSEND = YES;
				ENABLE_TESTABILITY = YES;
				GCC_C_LANGUAGE_STANDARD = gnu11;
				GCC_DYNAMIC_NO_PIC = NO;
				GCC_NO_COMMON_BLOCKS = YES;
				GCC_OPTIMIZATION_LEVEL = 0;
				GCC_PREPROCESSOR_DEFINITIONS = (
					"DEBUG=1",
					"$(inherited)",
				);
				GCC_WARN_64_TO_32_BIT_CONVERSION = YES;
				GCC_WARN_ABOUT_RETURN_TYPE = YES_ERROR;
				GCC_WARN_UNDECLARED_SELECTOR = YES;
				GCC_WARN_UNINITIALIZED_AUTOS = YES_AGGRESSIVE;
				GCC_WARN_UNUSED_FUNCTION = YES;
				GCC_WARN_UNUSED_VARIABLE = YES;
				IPHONEOS_DEPLOYMENT_TARGET = 14.4;
				MTL_ENABLE_DEBUG_INFO = INCLUDE_SOURCE;
				MTL_FAST_MATH = YES;
				ONLY_ACTIVE_ARCH = YES;
				SDKROOT = iphoneos;
				SWIFT_ACTIVE_COMPILATION_CONDITIONS = DEBUG;
				SWIFT_OPTIMIZATION_LEVEL = "-Onone";
			};
			name = Debug;
		};
		54ED61F72650239600F91AD4 /* Release */ = {
			isa = XCBuildConfiguration;
			buildSettings = {
				ALWAYS_SEARCH_USER_PATHS = NO;
				CLANG_ANALYZER_NONNULL = YES;
				CLANG_ANALYZER_NUMBER_OBJECT_CONVERSION = YES_AGGRESSIVE;
				CLANG_CXX_LANGUAGE_STANDARD = "gnu++14";
				CLANG_CXX_LIBRARY = "libc++";
				CLANG_ENABLE_MODULES = YES;
				CLANG_ENABLE_OBJC_ARC = YES;
				CLANG_ENABLE_OBJC_WEAK = YES;
				CLANG_WARN_BLOCK_CAPTURE_AUTORELEASING = YES;
				CLANG_WARN_BOOL_CONVERSION = YES;
				CLANG_WARN_COMMA = YES;
				CLANG_WARN_CONSTANT_CONVERSION = YES;
				CLANG_WARN_DEPRECATED_OBJC_IMPLEMENTATIONS = YES;
				CLANG_WARN_DIRECT_OBJC_ISA_USAGE = YES_ERROR;
				CLANG_WARN_DOCUMENTATION_COMMENTS = YES;
				CLANG_WARN_EMPTY_BODY = YES;
				CLANG_WARN_ENUM_CONVERSION = YES;
				CLANG_WARN_INFINITE_RECURSION = YES;
				CLANG_WARN_INT_CONVERSION = YES;
				CLANG_WARN_NON_LITERAL_NULL_CONVERSION = YES;
				CLANG_WARN_OBJC_IMPLICIT_RETAIN_SELF = YES;
				CLANG_WARN_OBJC_LITERAL_CONVERSION = YES;
				CLANG_WARN_OBJC_ROOT_CLASS = YES_ERROR;
				CLANG_WARN_QUOTED_INCLUDE_IN_FRAMEWORK_HEADER = YES;
				CLANG_WARN_RANGE_LOOP_ANALYSIS = YES;
				CLANG_WARN_STRICT_PROTOTYPES = YES;
				CLANG_WARN_SUSPICIOUS_MOVE = YES;
				CLANG_WARN_UNGUARDED_AVAILABILITY = YES_AGGRESSIVE;
				CLANG_WARN_UNREACHABLE_CODE = YES;
				CLANG_WARN__DUPLICATE_METHOD_MATCH = YES;
				COPY_PHASE_STRIP = NO;
				DEBUG_INFORMATION_FORMAT = "dwarf-with-dsym";
				ENABLE_NS_ASSERTIONS = NO;
				ENABLE_STRICT_OBJC_MSGSEND = YES;
				GCC_C_LANGUAGE_STANDARD = gnu11;
				GCC_NO_COMMON_BLOCKS = YES;
				GCC_WARN_64_TO_32_BIT_CONVERSION = YES;
				GCC_WARN_ABOUT_RETURN_TYPE = YES_ERROR;
				GCC_WARN_UNDECLARED_SELECTOR = YES;
				GCC_WARN_UNINITIALIZED_AUTOS = YES_AGGRESSIVE;
				GCC_WARN_UNUSED_FUNCTION = YES;
				GCC_WARN_UNUSED_VARIABLE = YES;
				IPHONEOS_DEPLOYMENT_TARGET = 14.4;
				MTL_ENABLE_DEBUG_INFO = NO;
				MTL_FAST_MATH = YES;
				SDKROOT = iphoneos;
				SWIFT_COMPILATION_MODE = wholemodule;
				SWIFT_OPTIMIZATION_LEVEL = "-O";
				VALIDATE_PRODUCT = YES;
			};
			name = Release;
		};
		54ED61F92650239600F91AD4 /* Debug */ = {
			isa = XCBuildConfiguration;
			buildSettings = {
				ASSETCATALOG_COMPILER_APPICON_NAME = AppIcon;
				ASSETCATALOG_COMPILER_GLOBAL_ACCENT_COLOR_NAME = AccentColor;
				CODE_SIGN_STYLE = Automatic;
				DEVELOPMENT_ASSET_PATHS = "\"FDDemo/Preview Content\"";
				ENABLE_PREVIEWS = YES;
				INFOPLIST_FILE = FDDemo/Info.plist;
				IPHONEOS_DEPLOYMENT_TARGET = 14.0;
				LD_RUNPATH_SEARCH_PATHS = (
					"$(inherited)",
					"@executable_path/Frameworks",
				);
				PRODUCT_BUNDLE_IDENTIFIER = com.RB.FDDemo;
				PRODUCT_NAME = "$(TARGET_NAME)";
				SWIFT_VERSION = 5.0;
				TARGETED_DEVICE_FAMILY = "1,2";
			};
			name = Debug;
		};
		54ED61FA2650239600F91AD4 /* Release */ = {
			isa = XCBuildConfiguration;
			buildSettings = {
				ASSETCATALOG_COMPILER_APPICON_NAME = AppIcon;
				ASSETCATALOG_COMPILER_GLOBAL_ACCENT_COLOR_NAME = AccentColor;
				CODE_SIGN_STYLE = Automatic;
				DEVELOPMENT_ASSET_PATHS = "\"FDDemo/Preview Content\"";
				ENABLE_PREVIEWS = YES;
				INFOPLIST_FILE = FDDemo/Info.plist;
				IPHONEOS_DEPLOYMENT_TARGET = 14.0;
				LD_RUNPATH_SEARCH_PATHS = (
					"$(inherited)",
					"@executable_path/Frameworks",
				);
				PRODUCT_BUNDLE_IDENTIFIER = com.RB.FDDemo;
				PRODUCT_NAME = "$(TARGET_NAME)";
				SWIFT_VERSION = 5.0;
				TARGETED_DEVICE_FAMILY = "1,2";
			};
			name = Release;
		};
		54ED61FC2650239600F91AD4 /* Debug */ = {
			isa = XCBuildConfiguration;
			buildSettings = {
				ALWAYS_EMBED_SWIFT_STANDARD_LIBRARIES = YES;
				BUNDLE_LOADER = "$(TEST_HOST)";
				CODE_SIGN_STYLE = Automatic;
				INFOPLIST_FILE = FDDemoTests/Info.plist;
				IPHONEOS_DEPLOYMENT_TARGET = 14.0;
				LD_RUNPATH_SEARCH_PATHS = (
					"$(inherited)",
					"@executable_path/Frameworks",
					"@loader_path/Frameworks",
				);
				PRODUCT_BUNDLE_IDENTIFIER = com.RB.FDDemoTests;
				PRODUCT_NAME = "$(TARGET_NAME)";
				SWIFT_VERSION = 5.0;
				TARGETED_DEVICE_FAMILY = "1,2";
				TEST_HOST = "$(BUILT_PRODUCTS_DIR)/FDDemo.app/FDDemo";
			};
			name = Debug;
		};
		54ED61FD2650239600F91AD4 /* Release */ = {
			isa = XCBuildConfiguration;
			buildSettings = {
				ALWAYS_EMBED_SWIFT_STANDARD_LIBRARIES = YES;
				BUNDLE_LOADER = "$(TEST_HOST)";
				CODE_SIGN_STYLE = Automatic;
				INFOPLIST_FILE = FDDemoTests/Info.plist;
				IPHONEOS_DEPLOYMENT_TARGET = 14.0;
				LD_RUNPATH_SEARCH_PATHS = (
					"$(inherited)",
					"@executable_path/Frameworks",
					"@loader_path/Frameworks",
				);
				PRODUCT_BUNDLE_IDENTIFIER = com.RB.FDDemoTests;
				PRODUCT_NAME = "$(TARGET_NAME)";
				SWIFT_VERSION = 5.0;
				TARGETED_DEVICE_FAMILY = "1,2";
				TEST_HOST = "$(BUILT_PRODUCTS_DIR)/FDDemo.app/FDDemo";
			};
			name = Release;
		};
		54ED61FF2650239600F91AD4 /* Debug */ = {
			isa = XCBuildConfiguration;
			buildSettings = {
				ALWAYS_EMBED_SWIFT_STANDARD_LIBRARIES = YES;
				CODE_SIGN_STYLE = Automatic;
				INFOPLIST_FILE = FDDemoUITests/Info.plist;
				LD_RUNPATH_SEARCH_PATHS = (
					"$(inherited)",
					"@executable_path/Frameworks",
					"@loader_path/Frameworks",
				);
				PRODUCT_BUNDLE_IDENTIFIER = com.RB.FDDemoUITests;
				PRODUCT_NAME = "$(TARGET_NAME)";
				SWIFT_VERSION = 5.0;
				TARGETED_DEVICE_FAMILY = "1,2";
				TEST_TARGET_NAME = FDDemo;
			};
			name = Debug;
		};
		54ED62002650239600F91AD4 /* Release */ = {
			isa = XCBuildConfiguration;
			buildSettings = {
				ALWAYS_EMBED_SWIFT_STANDARD_LIBRARIES = YES;
				CODE_SIGN_STYLE = Automatic;
				INFOPLIST_FILE = FDDemoUITests/Info.plist;
				LD_RUNPATH_SEARCH_PATHS = (
					"$(inherited)",
					"@executable_path/Frameworks",
					"@loader_path/Frameworks",
				);
				PRODUCT_BUNDLE_IDENTIFIER = com.RB.FDDemoUITests;
				PRODUCT_NAME = "$(TARGET_NAME)";
				SWIFT_VERSION = 5.0;
				TARGETED_DEVICE_FAMILY = "1,2";
				TEST_TARGET_NAME = FDDemo;
			};
			name = Release;
		};
/* End XCBuildConfiguration section */

/* Begin XCConfigurationList section */
		54ED61CE2650239500F91AD4 /* Build configuration list for PBXProject "FDDemo" */ = {
			isa = XCConfigurationList;
			buildConfigurations = (
				54ED61F62650239600F91AD4 /* Debug */,
				54ED61F72650239600F91AD4 /* Release */,
			);
			defaultConfigurationIsVisible = 0;
			defaultConfigurationName = Release;
		};
		54ED61F82650239600F91AD4 /* Build configuration list for PBXNativeTarget "FDDemo" */ = {
			isa = XCConfigurationList;
			buildConfigurations = (
				54ED61F92650239600F91AD4 /* Debug */,
				54ED61FA2650239600F91AD4 /* Release */,
			);
			defaultConfigurationIsVisible = 0;
			defaultConfigurationName = Release;
		};
		54ED61FB2650239600F91AD4 /* Build configuration list for PBXNativeTarget "FDDemoTests" */ = {
			isa = XCConfigurationList;
			buildConfigurations = (
				54ED61FC2650239600F91AD4 /* Debug */,
				54ED61FD2650239600F91AD4 /* Release */,
			);
			defaultConfigurationIsVisible = 0;
			defaultConfigurationName = Release;
		};
		54ED61FE2650239600F91AD4 /* Build configuration list for PBXNativeTarget "FDDemoUITests" */ = {
			isa = XCConfigurationList;
			buildConfigurations = (
				54ED61FF2650239600F91AD4 /* Debug */,
				54ED62002650239600F91AD4 /* Release */,
			);
			defaultConfigurationIsVisible = 0;
			defaultConfigurationName = Release;
		};
/* End XCConfigurationList section */
	};
	rootObject = 54ED61CB2650239500F91AD4 /* Project object */;
}
